// !$*UTF8*$!
{
	archiveVersion = 1;
	classes = {
	};
	objectVersion = 55;
	objects = {

/* Begin PBXBuildFile section */
		7A9F3C252836E15C00DFB169 /* AppDelegate.swift in Sources */ = {isa = PBXBuildFile; fileRef = 7A9F3C242836E15C00DFB169 /* AppDelegate.swift */; };
		7A9F3C272836E15C00DFB169 /* SceneDelegate.swift in Sources */ = {isa = PBXBuildFile; fileRef = 7A9F3C262836E15C00DFB169 /* SceneDelegate.swift */; };
		7A9F3C292836E15C00DFB169 /* TabBarController.swift in Sources */ = {isa = PBXBuildFile; fileRef = 7A9F3C282836E15C00DFB169 /* TabBarController.swift */; };
		7A9F3C2C2836E15C00DFB169 /* Main.storyboard in Resources */ = {isa = PBXBuildFile; fileRef = 7A9F3C2A2836E15C00DFB169 /* Main.storyboard */; };
		7A9F3C2E2836E15D00DFB169 /* Assets.xcassets in Resources */ = {isa = PBXBuildFile; fileRef = 7A9F3C2D2836E15D00DFB169 /* Assets.xcassets */; };
		7A9F3C312836E15D00DFB169 /* LaunchScreen.storyboard in Resources */ = {isa = PBXBuildFile; fileRef = 7A9F3C2F2836E15D00DFB169 /* LaunchScreen.storyboard */; };
		7A9F3C3C2836E15D00DFB169 /* _420FinalTests.swift in Sources */ = {isa = PBXBuildFile; fileRef = 7A9F3C3B2836E15D00DFB169 /* _420FinalTests.swift */; };
		7A9F3C462836E15D00DFB169 /* _420FinalUITests.swift in Sources */ = {isa = PBXBuildFile; fileRef = 7A9F3C452836E15D00DFB169 /* _420FinalUITests.swift */; };
		7A9F3C482836E15D00DFB169 /* _420FinalUITestsLaunchTests.swift in Sources */ = {isa = PBXBuildFile; fileRef = 7A9F3C472836E15D00DFB169 /* _420FinalUITestsLaunchTests.swift */; };
		7A9F3C552836F53700DFB169 /* HomeViewController.swift in Sources */ = {isa = PBXBuildFile; fileRef = 7A9F3C542836F53700DFB169 /* HomeViewController.swift */; };
		7A9F3C57283809F200DFB169 /* DogTableViewViewController.swift in Sources */ = {isa = PBXBuildFile; fileRef = 7A9F3C56283809F200DFB169 /* DogTableViewViewController.swift */; };
		7A9F3C5B28380B3700DFB169 /* DogCell.swift in Sources */ = {isa = PBXBuildFile; fileRef = 7A9F3C5A28380B3700DFB169 /* DogCell.swift */; };
		7A9F3C5F2838314000DFB169 /* DogInfoVC.swift in Sources */ = {isa = PBXBuildFile; fileRef = 7A9F3C5E2838314000DFB169 /* DogInfoVC.swift */; };
/* End PBXBuildFile section */

/* Begin PBXContainerItemProxy section */
		7A9F3C382836E15D00DFB169 /* PBXContainerItemProxy */ = {
			isa = PBXContainerItemProxy;
			containerPortal = 7A9F3C192836E15C00DFB169 /* Project object */;
			proxyType = 1;
			remoteGlobalIDString = 7A9F3C202836E15C00DFB169;
			remoteInfo = 2420Final;
		};
		7A9F3C422836E15D00DFB169 /* PBXContainerItemProxy */ = {
			isa = PBXContainerItemProxy;
			containerPortal = 7A9F3C192836E15C00DFB169 /* Project object */;
			proxyType = 1;
			remoteGlobalIDString = 7A9F3C202836E15C00DFB169;
			remoteInfo = 2420Final;
		};
/* End PBXContainerItemProxy section */

/* Begin PBXFileReference section */
		7A9F3C212836E15C00DFB169 /* 2420Final.app */ = {isa = PBXFileReference; explicitFileType = wrapper.application; includeInIndex = 0; path = 2420Final.app; sourceTree = BUILT_PRODUCTS_DIR; };
		7A9F3C242836E15C00DFB169 /* AppDelegate.swift */ = {isa = PBXFileReference; lastKnownFileType = sourcecode.swift; path = AppDelegate.swift; sourceTree = "<group>"; };
		7A9F3C262836E15C00DFB169 /* SceneDelegate.swift */ = {isa = PBXFileReference; lastKnownFileType = sourcecode.swift; path = SceneDelegate.swift; sourceTree = "<group>"; };
		7A9F3C282836E15C00DFB169 /* TabBarController.swift */ = {isa = PBXFileReference; lastKnownFileType = sourcecode.swift; path = TabBarController.swift; sourceTree = "<group>"; };
		7A9F3C2B2836E15C00DFB169 /* Base */ = {isa = PBXFileReference; lastKnownFileType = file.storyboard; name = Base; path = Base.lproj/Main.storyboard; sourceTree = "<group>"; };
		7A9F3C2D2836E15D00DFB169 /* Assets.xcassets */ = {isa = PBXFileReference; lastKnownFileType = folder.assetcatalog; path = Assets.xcassets; sourceTree = "<group>"; };
		7A9F3C302836E15D00DFB169 /* Base */ = {isa = PBXFileReference; lastKnownFileType = file.storyboard; name = Base; path = Base.lproj/LaunchScreen.storyboard; sourceTree = "<group>"; };
		7A9F3C322836E15D00DFB169 /* Info.plist */ = {isa = PBXFileReference; lastKnownFileType = text.plist.xml; path = Info.plist; sourceTree = "<group>"; };
		7A9F3C372836E15D00DFB169 /* 2420FinalTests.xctest */ = {isa = PBXFileReference; explicitFileType = wrapper.cfbundle; includeInIndex = 0; path = 2420FinalTests.xctest; sourceTree = BUILT_PRODUCTS_DIR; };
		7A9F3C3B2836E15D00DFB169 /* _420FinalTests.swift */ = {isa = PBXFileReference; lastKnownFileType = sourcecode.swift; path = _420FinalTests.swift; sourceTree = "<group>"; };
		7A9F3C412836E15D00DFB169 /* 2420FinalUITests.xctest */ = {isa = PBXFileReference; explicitFileType = wrapper.cfbundle; includeInIndex = 0; path = 2420FinalUITests.xctest; sourceTree = BUILT_PRODUCTS_DIR; };
		7A9F3C452836E15D00DFB169 /* _420FinalUITests.swift */ = {isa = PBXFileReference; lastKnownFileType = sourcecode.swift; path = _420FinalUITests.swift; sourceTree = "<group>"; };
		7A9F3C472836E15D00DFB169 /* _420FinalUITestsLaunchTests.swift */ = {isa = PBXFileReference; lastKnownFileType = sourcecode.swift; path = _420FinalUITestsLaunchTests.swift; sourceTree = "<group>"; };
		7A9F3C542836F53700DFB169 /* HomeViewController.swift */ = {isa = PBXFileReference; lastKnownFileType = sourcecode.swift; path = HomeViewController.swift; sourceTree = "<group>"; };
		7A9F3C56283809F200DFB169 /* DogTableViewViewController.swift */ = {isa = PBXFileReference; lastKnownFileType = sourcecode.swift; path = DogTableViewViewController.swift; sourceTree = "<group>"; };
		7A9F3C5A28380B3700DFB169 /* DogCell.swift */ = {isa = PBXFileReference; lastKnownFileType = sourcecode.swift; path = DogCell.swift; sourceTree = "<group>"; };
		7A9F3C5E2838314000DFB169 /* DogInfoVC.swift */ = {isa = PBXFileReference; lastKnownFileType = sourcecode.swift; path = DogInfoVC.swift; sourceTree = "<group>"; };
/* End PBXFileReference section */

/* Begin PBXFrameworksBuildPhase section */
		7A9F3C1E2836E15C00DFB169 /* Frameworks */ = {
			isa = PBXFrameworksBuildPhase;
			buildActionMask = 2147483647;
			files = (
			);
			runOnlyForDeploymentPostprocessing = 0;
		};
		7A9F3C342836E15D00DFB169 /* Frameworks */ = {
			isa = PBXFrameworksBuildPhase;
			buildActionMask = 2147483647;
			files = (
			);
			runOnlyForDeploymentPostprocessing = 0;
		};
		7A9F3C3E2836E15D00DFB169 /* Frameworks */ = {
			isa = PBXFrameworksBuildPhase;
			buildActionMask = 2147483647;
			files = (
			);
			runOnlyForDeploymentPostprocessing = 0;
		};
/* End PBXFrameworksBuildPhase section */

/* Begin PBXGroup section */
		7A9F3C182836E15C00DFB169 = {
			isa = PBXGroup;
			children = (
				7A9F3C232836E15C00DFB169 /* 2420Final */,
				7A9F3C3A2836E15D00DFB169 /* 2420FinalTests */,
				7A9F3C442836E15D00DFB169 /* 2420FinalUITests */,
				7A9F3C222836E15C00DFB169 /* Products */,
			);
			sourceTree = "<group>";
		};
		7A9F3C222836E15C00DFB169 /* Products */ = {
			isa = PBXGroup;
			children = (
				7A9F3C212836E15C00DFB169 /* 2420Final.app */,
				7A9F3C372836E15D00DFB169 /* 2420FinalTests.xctest */,
				7A9F3C412836E15D00DFB169 /* 2420FinalUITests.xctest */,
			);
			name = Products;
			sourceTree = "<group>";
		};
		7A9F3C232836E15C00DFB169 /* 2420Final */ = {
			isa = PBXGroup;
			children = (
				7A9F3C242836E15C00DFB169 /* AppDelegate.swift */,
				7A9F3C262836E15C00DFB169 /* SceneDelegate.swift */,
				7A9F3C282836E15C00DFB169 /* TabBarController.swift */,
				7A9F3C2A2836E15C00DFB169 /* Main.storyboard */,
				7A9F3C56283809F200DFB169 /* DogTableViewViewController.swift */,
				7A9F3C5E2838314000DFB169 /* DogInfoVC.swift */,
				7A9F3C542836F53700DFB169 /* HomeViewController.swift */,
				7A9F3C2D2836E15D00DFB169 /* Assets.xcassets */,
				7A9F3C5A28380B3700DFB169 /* DogCell.swift */,
				7A9F3C2F2836E15D00DFB169 /* LaunchScreen.storyboard */,
				7A9F3C322836E15D00DFB169 /* Info.plist */,
			);
			path = 2420Final;
			sourceTree = "<group>";
		};
		7A9F3C3A2836E15D00DFB169 /* 2420FinalTests */ = {
			isa = PBXGroup;
			children = (
				7A9F3C3B2836E15D00DFB169 /* _420FinalTests.swift */,
			);
			path = 2420FinalTests;
			sourceTree = "<group>";
		};
		7A9F3C442836E15D00DFB169 /* 2420FinalUITests */ = {
			isa = PBXGroup;
			children = (
				7A9F3C452836E15D00DFB169 /* _420FinalUITests.swift */,
				7A9F3C472836E15D00DFB169 /* _420FinalUITestsLaunchTests.swift */,
			);
			path = 2420FinalUITests;
			sourceTree = "<group>";
		};
/* End PBXGroup section */

/* Begin PBXNativeTarget section */
		7A9F3C202836E15C00DFB169 /* 2420Final */ = {
			isa = PBXNativeTarget;
			buildConfigurationList = 7A9F3C4B2836E15D00DFB169 /* Build configuration list for PBXNativeTarget "2420Final" */;
			buildPhases = (
				7A9F3C1D2836E15C00DFB169 /* Sources */,
				7A9F3C1E2836E15C00DFB169 /* Frameworks */,
				7A9F3C1F2836E15C00DFB169 /* Resources */,
			);
			buildRules = (
			);
			dependencies = (
			);
			name = 2420Final;
			productName = 2420Final;
			productReference = 7A9F3C212836E15C00DFB169 /* 2420Final.app */;
			productType = "com.apple.product-type.application";
		};
		7A9F3C362836E15D00DFB169 /* 2420FinalTests */ = {
			isa = PBXNativeTarget;
			buildConfigurationList = 7A9F3C4E2836E15D00DFB169 /* Build configuration list for PBXNativeTarget "2420FinalTests" */;
			buildPhases = (
				7A9F3C332836E15D00DFB169 /* Sources */,
				7A9F3C342836E15D00DFB169 /* Frameworks */,
				7A9F3C352836E15D00DFB169 /* Resources */,
			);
			buildRules = (
			);
			dependencies = (
				7A9F3C392836E15D00DFB169 /* PBXTargetDependency */,
			);
			name = 2420FinalTests;
			productName = 2420FinalTests;
			productReference = 7A9F3C372836E15D00DFB169 /* 2420FinalTests.xctest */;
			productType = "com.apple.product-type.bundle.unit-test";
		};
		7A9F3C402836E15D00DFB169 /* 2420FinalUITests */ = {
			isa = PBXNativeTarget;
			buildConfigurationList = 7A9F3C512836E15D00DFB169 /* Build configuration list for PBXNativeTarget "2420FinalUITests" */;
			buildPhases = (
				7A9F3C3D2836E15D00DFB169 /* Sources */,
				7A9F3C3E2836E15D00DFB169 /* Frameworks */,
				7A9F3C3F2836E15D00DFB169 /* Resources */,
			);
			buildRules = (
			);
			dependencies = (
				7A9F3C432836E15D00DFB169 /* PBXTargetDependency */,
			);
			name = 2420FinalUITests;
			productName = 2420FinalUITests;
			productReference = 7A9F3C412836E15D00DFB169 /* 2420FinalUITests.xctest */;
			productType = "com.apple.product-type.bundle.ui-testing";
		};
/* End PBXNativeTarget section */

/* Begin PBXProject section */
		7A9F3C192836E15C00DFB169 /* Project object */ = {
			isa = PBXProject;
			attributes = {
				BuildIndependentTargetsInParallel = 1;
				LastSwiftUpdateCheck = 1330;
				LastUpgradeCheck = 1330;
				TargetAttributes = {
					7A9F3C202836E15C00DFB169 = {
						CreatedOnToolsVersion = 13.3;
					};
					7A9F3C362836E15D00DFB169 = {
						CreatedOnToolsVersion = 13.3;
						TestTargetID = 7A9F3C202836E15C00DFB169;
					};
					7A9F3C402836E15D00DFB169 = {
						CreatedOnToolsVersion = 13.3;
						TestTargetID = 7A9F3C202836E15C00DFB169;
					};
				};
			};
			buildConfigurationList = 7A9F3C1C2836E15C00DFB169 /* Build configuration list for PBXProject "2420Final" */;
			compatibilityVersion = "Xcode 13.0";
			developmentRegion = en;
			hasScannedForEncodings = 0;
			knownRegions = (
				en,
				Base,
			);
			mainGroup = 7A9F3C182836E15C00DFB169;
			productRefGroup = 7A9F3C222836E15C00DFB169 /* Products */;
			projectDirPath = "";
			projectRoot = "";
			targets = (
				7A9F3C202836E15C00DFB169 /* 2420Final */,
				7A9F3C362836E15D00DFB169 /* 2420FinalTests */,
				7A9F3C402836E15D00DFB169 /* 2420FinalUITests */,
			);
		};
/* End PBXProject section */

/* Begin PBXResourcesBuildPhase section */
		7A9F3C1F2836E15C00DFB169 /* Resources */ = {
			isa = PBXResourcesBuildPhase;
			buildActionMask = 2147483647;
			files = (
				7A9F3C312836E15D00DFB169 /* LaunchScreen.storyboard in Resources */,
				7A9F3C2E2836E15D00DFB169 /* Assets.xcassets in Resources */,
				7A9F3C2C2836E15C00DFB169 /* Main.storyboard in Resources */,
			);
			runOnlyForDeploymentPostprocessing = 0;
		};
		7A9F3C352836E15D00DFB169 /* Resources */ = {
			isa = PBXResourcesBuildPhase;
			buildActionMask = 2147483647;
			files = (
			);
			runOnlyForDeploymentPostprocessing = 0;
		};
		7A9F3C3F2836E15D00DFB169 /* Resources */ = {
			isa = PBXResourcesBuildPhase;
			buildActionMask = 2147483647;
			files = (
			);
			runOnlyForDeploymentPostprocessing = 0;
		};
/* End PBXResourcesBuildPhase section */

/* Begin PBXSourcesBuildPhase section */
		7A9F3C1D2836E15C00DFB169 /* Sources */ = {
			isa = PBXSourcesBuildPhase;
			buildActionMask = 2147483647;
			files = (
				7A9F3C292836E15C00DFB169 /* TabBarController.swift in Sources */,
				7A9F3C252836E15C00DFB169 /* AppDelegate.swift in Sources */,
				7A9F3C5B28380B3700DFB169 /* DogCell.swift in Sources */,
				7A9F3C57283809F200DFB169 /* DogTableViewViewController.swift in Sources */,
				7A9F3C272836E15C00DFB169 /* SceneDelegate.swift in Sources */,
				7A9F3C5F2838314000DFB169 /* DogInfoVC.swift in Sources */,
				7A9F3C552836F53700DFB169 /* HomeViewController.swift in Sources */,
			);
			runOnlyForDeploymentPostprocessing = 0;
		};
		7A9F3C332836E15D00DFB169 /* Sources */ = {
			isa = PBXSourcesBuildPhase;
			buildActionMask = 2147483647;
			files = (
				7A9F3C3C2836E15D00DFB169 /* _420FinalTests.swift in Sources */,
			);
			runOnlyForDeploymentPostprocessing = 0;
		};
		7A9F3C3D2836E15D00DFB169 /* Sources */ = {
			isa = PBXSourcesBuildPhase;
			buildActionMask = 2147483647;
			files = (
				7A9F3C482836E15D00DFB169 /* _420FinalUITestsLaunchTests.swift in Sources */,
				7A9F3C462836E15D00DFB169 /* _420FinalUITests.swift in Sources */,
			);
			runOnlyForDeploymentPostprocessing = 0;
		};
/* End PBXSourcesBuildPhase section */

/* Begin PBXTargetDependency section */
		7A9F3C392836E15D00DFB169 /* PBXTargetDependency */ = {
			isa = PBXTargetDependency;
			target = 7A9F3C202836E15C00DFB169 /* 2420Final */;
			targetProxy = 7A9F3C382836E15D00DFB169 /* PBXContainerItemProxy */;
		};
		7A9F3C432836E15D00DFB169 /* PBXTargetDependency */ = {
			isa = PBXTargetDependency;
			target = 7A9F3C202836E15C00DFB169 /* 2420Final */;
			targetProxy = 7A9F3C422836E15D00DFB169 /* PBXContainerItemProxy */;
		};
/* End PBXTargetDependency section */

/* Begin PBXVariantGroup section */
		7A9F3C2A2836E15C00DFB169 /* Main.storyboard */ = {
			isa = PBXVariantGroup;
			children = (
				7A9F3C2B2836E15C00DFB169 /* Base */,
			);
			name = Main.storyboard;
			sourceTree = "<group>";
		};
		7A9F3C2F2836E15D00DFB169 /* LaunchScreen.storyboard */ = {
			isa = PBXVariantGroup;
			children = (
				7A9F3C302836E15D00DFB169 /* Base */,
			);
			name = LaunchScreen.storyboard;
			sourceTree = "<group>";
		};
/* End PBXVariantGroup section */

/* Begin XCBuildConfiguration section */
		7A9F3C492836E15D00DFB169 /* Debug */ = {
			isa = XCBuildConfiguration;
			buildSettings = {
				ALWAYS_SEARCH_USER_PATHS = NO;
				CLANG_ANALYZER_NONNULL = YES;
				CLANG_ANALYZER_NUMBER_OBJECT_CONVERSION = YES_AGGRESSIVE;
				CLANG_CXX_LANGUAGE_STANDARD = "gnu++17";
				CLANG_ENABLE_MODULES = YES;
				CLANG_ENABLE_OBJC_ARC = YES;
				CLANG_ENABLE_OBJC_WEAK = YES;
				CLANG_WARN_BLOCK_CAPTURE_AUTORELEASING = YES;
				CLANG_WARN_BOOL_CONVERSION = YES;
				CLANG_WARN_COMMA = YES;
				CLANG_WARN_CONSTANT_CONVERSION = YES;
				CLANG_WARN_DEPRECATED_OBJC_IMPLEMENTATIONS = YES;
				CLANG_WARN_DIRECT_OBJC_ISA_USAGE = YES_ERROR;
				CLANG_WARN_DOCUMENTATION_COMMENTS = YES;
				CLANG_WARN_EMPTY_BODY = YES;
				CLANG_WARN_ENUM_CONVERSION = YES;
				CLANG_WARN_INFINITE_RECURSION = YES;
				CLANG_WARN_INT_CONVERSION = YES;
				CLANG_WARN_NON_LITERAL_NULL_CONVERSION = YES;
				CLANG_WARN_OBJC_IMPLICIT_RETAIN_SELF = YES;
				CLANG_WARN_OBJC_LITERAL_CONVERSION = YES;
				CLANG_WARN_OBJC_ROOT_CLASS = YES_ERROR;
				CLANG_WARN_QUOTED_INCLUDE_IN_FRAMEWORK_HEADER = YES;
				CLANG_WARN_RANGE_LOOP_ANALYSIS = YES;
				CLANG_WARN_STRICT_PROTOTYPES = YES;
				CLANG_WARN_SUSPICIOUS_MOVE = YES;
				CLANG_WARN_UNGUARDED_AVAILABILITY = YES_AGGRESSIVE;
				CLANG_WARN_UNREACHABLE_CODE = YES;
				CLANG_WARN__DUPLICATE_METHOD_MATCH = YES;
				COPY_PHASE_STRIP = NO;
				DEBUG_INFORMATION_FORMAT = dwarf;
				ENABLE_STRICT_OBJC_MSGSEND = YES;
				ENABLE_TESTABILITY = YES;
				GCC_C_LANGUAGE_STANDARD = gnu11;
				GCC_DYNAMIC_NO_PIC = NO;
				GCC_NO_COMMON_BLOCKS = YES;
				GCC_OPTIMIZATION_LEVEL = 0;
				GCC_PREPROCESSOR_DEFINITIONS = (
					"DEBUG=1",
					"$(inherited)",
				);
				GCC_WARN_64_TO_32_BIT_CONVERSION = YES;
				GCC_WARN_ABOUT_RETURN_TYPE = YES_ERROR;
				GCC_WARN_UNDECLARED_SELECTOR = YES;
				GCC_WARN_UNINITIALIZED_AUTOS = YES_AGGRESSIVE;
				GCC_WARN_UNUSED_FUNCTION = YES;
				GCC_WARN_UNUSED_VARIABLE = YES;
				IPHONEOS_DEPLOYMENT_TARGET = 15.4;
				MTL_ENABLE_DEBUG_INFO = INCLUDE_SOURCE;
				MTL_FAST_MATH = YES;
				ONLY_ACTIVE_ARCH = YES;
				SDKROOT = iphoneos;
				SWIFT_ACTIVE_COMPILATION_CONDITIONS = DEBUG;
				SWIFT_OPTIMIZATION_LEVEL = "-Onone";
			};
			name = Debug;
		};
		7A9F3C4A2836E15D00DFB169 /* Release */ = {
			isa = XCBuildConfiguration;
			buildSettings = {
				ALWAYS_SEARCH_USER_PATHS = NO;
				CLANG_ANALYZER_NONNULL = YES;
				CLANG_ANALYZER_NUMBER_OBJECT_CONVERSION = YES_AGGRESSIVE;
				CLANG_CXX_LANGUAGE_STANDARD = "gnu++17";
				CLANG_ENABLE_MODULES = YES;
				CLANG_ENABLE_OBJC_ARC = YES;
				CLANG_ENABLE_OBJC_WEAK = YES;
				CLANG_WARN_BLOCK_CAPTURE_AUTORELEASING = YES;
				CLANG_WARN_BOOL_CONVERSION = YES;
				CLANG_WARN_COMMA = YES;
				CLANG_WARN_CONSTANT_CONVERSION = YES;
				CLANG_WARN_DEPRECATED_OBJC_IMPLEMENTATIONS = YES;
				CLANG_WARN_DIRECT_OBJC_ISA_USAGE = YES_ERROR;
				CLANG_WARN_DOCUMENTATION_COMMENTS = YES;
				CLANG_WARN_EMPTY_BODY = YES;
				CLANG_WARN_ENUM_CONVERSION = YES;
				CLANG_WARN_INFINITE_RECURSION = YES;
				CLANG_WARN_INT_CONVERSION = YES;
				CLANG_WARN_NON_LITERAL_NULL_CONVERSION = YES;
				CLANG_WARN_OBJC_IMPLICIT_RETAIN_SELF = YES;
				CLANG_WARN_OBJC_LITERAL_CONVERSION = YES;
				CLANG_WARN_OBJC_ROOT_CLASS = YES_ERROR;
				CLANG_WARN_QUOTED_INCLUDE_IN_FRAMEWORK_HEADER = YES;
				CLANG_WARN_RANGE_LOOP_ANALYSIS = YES;
				CLANG_WARN_STRICT_PROTOTYPES = YES;
				CLANG_WARN_SUSPICIOUS_MOVE = YES;
				CLANG_WARN_UNGUARDED_AVAILABILITY = YES_AGGRESSIVE;
				CLANG_WARN_UNREACHABLE_CODE = YES;
				CLANG_WARN__DUPLICATE_METHOD_MATCH = YES;
				COPY_PHASE_STRIP = NO;
				DEBUG_INFORMATION_FORMAT = "dwarf-with-dsym";
				ENABLE_NS_ASSERTIONS = NO;
				ENABLE_STRICT_OBJC_MSGSEND = YES;
				GCC_C_LANGUAGE_STANDARD = gnu11;
				GCC_NO_COMMON_BLOCKS = YES;
				GCC_WARN_64_TO_32_BIT_CONVERSION = YES;
				GCC_WARN_ABOUT_RETURN_TYPE = YES_ERROR;
				GCC_WARN_UNDECLARED_SELECTOR = YES;
				GCC_WARN_UNINITIALIZED_AUTOS = YES_AGGRESSIVE;
				GCC_WARN_UNUSED_FUNCTION = YES;
				GCC_WARN_UNUSED_VARIABLE = YES;
				IPHONEOS_DEPLOYMENT_TARGET = 15.4;
				MTL_ENABLE_DEBUG_INFO = NO;
				MTL_FAST_MATH = YES;
				SDKROOT = iphoneos;
				SWIFT_COMPILATION_MODE = wholemodule;
				SWIFT_OPTIMIZATION_LEVEL = "-O";
				VALIDATE_PRODUCT = YES;
			};
			name = Release;
		};
		7A9F3C4C2836E15D00DFB169 /* Debug */ = {
			isa = XCBuildConfiguration;
			buildSettings = {
				ASSETCATALOG_COMPILER_APPICON_NAME = AppIcon;
				ASSETCATALOG_COMPILER_GLOBAL_ACCENT_COLOR_NAME = AccentColor;
				CODE_SIGN_STYLE = Automatic;
				CURRENT_PROJECT_VERSION = 1;
				DEVELOPMENT_TEAM = ADT43SXK55;
				GENERATE_INFOPLIST_FILE = YES;
				INFOPLIST_FILE = 2420Final/Info.plist;
				INFOPLIST_KEY_UIApplicationSupportsIndirectInputEvents = YES;
				INFOPLIST_KEY_UILaunchStoryboardName = LaunchScreen;
				INFOPLIST_KEY_UIMainStoryboardFile = Main;
				INFOPLIST_KEY_UISupportedInterfaceOrientations_iPad = "UIInterfaceOrientationPortrait UIInterfaceOrientationPortraitUpsideDown UIInterfaceOrientationLandscapeLeft UIInterfaceOrientationLandscapeRight";
				INFOPLIST_KEY_UISupportedInterfaceOrientations_iPhone = "UIInterfaceOrientationPortrait UIInterfaceOrientationLandscapeLeft UIInterfaceOrientationLandscapeRight";
				LD_RUNPATH_SEARCH_PATHS = (
					"$(inherited)",
					"@executable_path/Frameworks",
				);
				MARKETING_VERSION = 1.0;
				PRODUCT_BUNDLE_IDENTIFIER = "Swift2420.-420Final";
				PRODUCT_NAME = "$(TARGET_NAME)";
				SWIFT_EMIT_LOC_STRINGS = YES;
				SWIFT_VERSION = 5.0;
				TARGETED_DEVICE_FAMILY = "1,2";
			};
			name = Debug;
		};
		7A9F3C4D2836E15D00DFB169 /* Release */ = {
			isa = XCBuildConfiguration;
			buildSettings = {
				ASSETCATALOG_COMPILER_APPICON_NAME = AppIcon;
				ASSETCATALOG_COMPILER_GLOBAL_ACCENT_COLOR_NAME = AccentColor;
				CODE_SIGN_STYLE = Automatic;
				CURRENT_PROJECT_VERSION = 1;
				DEVELOPMENT_TEAM = ADT43SXK55;
				GENERATE_INFOPLIST_FILE = YES;
				INFOPLIST_FILE = 2420Final/Info.plist;
				INFOPLIST_KEY_UIApplicationSupportsIndirectInputEvents = YES;
				INFOPLIST_KEY_UILaunchStoryboardName = LaunchScreen;
				INFOPLIST_KEY_UIMainStoryboardFile = Main;
				INFOPLIST_KEY_UISupportedInterfaceOrientations_iPad = "UIInterfaceOrientationPortrait UIInterfaceOrientationPortraitUpsideDown UIInterfaceOrientationLandscapeLeft UIInterfaceOrientationLandscapeRight";
				INFOPLIST_KEY_UISupportedInterfaceOrientations_iPhone = "UIInterfaceOrientationPortrait UIInterfaceOrientationLandscapeLeft UIInterfaceOrientationLandscapeRight";
				LD_RUNPATH_SEARCH_PATHS = (
					"$(inherited)",
					"@executable_path/Frameworks",
				);
				MARKETING_VERSION = 1.0;
				PRODUCT_BUNDLE_IDENTIFIER = "Swift2420.-420Final";
				PRODUCT_NAME = "$(TARGET_NAME)";
				SWIFT_EMIT_LOC_STRINGS = YES;
				SWIFT_VERSION = 5.0;
				TARGETED_DEVICE_FAMILY = "1,2";
			};
			name = Release;
		};
		7A9F3C4F2836E15D00DFB169 /* Debug */ = {
			isa = XCBuildConfiguration;
			buildSettings = {
				ALWAYS_EMBED_SWIFT_STANDARD_LIBRARIES = YES;
				BUNDLE_LOADER = "$(TEST_HOST)";
				CODE_SIGN_STYLE = Automatic;
				CURRENT_PROJECT_VERSION = 1;
				DEVELOPMENT_TEAM = ADT43SXK55;
				GENERATE_INFOPLIST_FILE = YES;
				IPHONEOS_DEPLOYMENT_TARGET = 15.4;
				MARKETING_VERSION = 1.0;
				PRODUCT_BUNDLE_IDENTIFIER = "Swift2420.-420FinalTests";
				PRODUCT_NAME = "$(TARGET_NAME)";
				SWIFT_EMIT_LOC_STRINGS = NO;
				SWIFT_VERSION = 5.0;
				TARGETED_DEVICE_FAMILY = "1,2";
				TEST_HOST = "$(BUILT_PRODUCTS_DIR)/2420Final.app/2420Final";
			};
			name = Debug;
		};
		7A9F3C502836E15D00DFB169 /* Release */ = {
			isa = XCBuildConfiguration;
			buildSettings = {
				ALWAYS_EMBED_SWIFT_STANDARD_LIBRARIES = YES;
				BUNDLE_LOADER = "$(TEST_HOST)";
				CODE_SIGN_STYLE = Automatic;
				CURRENT_PROJECT_VERSION = 1;
				DEVELOPMENT_TEAM = ADT43SXK55;
				GENERATE_INFOPLIST_FILE = YES;
				IPHONEOS_DEPLOYMENT_TARGET = 15.4;
				MARKETING_VERSION = 1.0;
				PRODUCT_BUNDLE_IDENTIFIER = "Swift2420.-420FinalTests";
				PRODUCT_NAME = "$(TARGET_NAME)";
				SWIFT_EMIT_LOC_STRINGS = NO;
				SWIFT_VERSION = 5.0;
				TARGETED_DEVICE_FAMILY = "1,2";
				TEST_HOST = "$(BUILT_PRODUCTS_DIR)/2420Final.app/2420Final";
			};
			name = Release;
		};
		7A9F3C522836E15D00DFB169 /* Debug */ = {
			isa = XCBuildConfiguration;
			buildSettings = {
				ALWAYS_EMBED_SWIFT_STANDARD_LIBRARIES = YES;
				CODE_SIGN_STYLE = Automatic;
				CURRENT_PROJECT_VERSION = 1;
				DEVELOPMENT_TEAM = ADT43SXK55;
				GENERATE_INFOPLIST_FILE = YES;
				MARKETING_VERSION = 1.0;
				PRODUCT_BUNDLE_IDENTIFIER = "Swift2420.-420FinalUITests";
				PRODUCT_NAME = "$(TARGET_NAME)";
				SWIFT_EMIT_LOC_STRINGS = NO;
				SWIFT_VERSION = 5.0;
				TARGETED_DEVICE_FAMILY = "1,2";
				TEST_TARGET_NAME = 2420Final;
			};
			name = Debug;
		};
		7A9F3C532836E15D00DFB169 /* Release */ = {
			isa = XCBuildConfiguration;
			buildSettings = {
				ALWAYS_EMBED_SWIFT_STANDARD_LIBRARIES = YES;
				CODE_SIGN_STYLE = Automatic;
				CURRENT_PROJECT_VERSION = 1;
				DEVELOPMENT_TEAM = ADT43SXK55;
				GENERATE_INFOPLIST_FILE = YES;
				MARKETING_VERSION = 1.0;
				PRODUCT_BUNDLE_IDENTIFIER = "Swift2420.-420FinalUITests";
				PRODUCT_NAME = "$(TARGET_NAME)";
				SWIFT_EMIT_LOC_STRINGS = NO;
				SWIFT_VERSION = 5.0;
				TARGETED_DEVICE_FAMILY = "1,2";
				TEST_TARGET_NAME = 2420Final;
			};
			name = Release;
		};
/* End XCBuildConfiguration section */

/* Begin XCConfigurationList section */
		7A9F3C1C2836E15C00DFB169 /* Build configuration list for PBXProject "2420Final" */ = {
			isa = XCConfigurationList;
			buildConfigurations = (
				7A9F3C492836E15D00DFB169 /* Debug */,
				7A9F3C4A2836E15D00DFB169 /* Release */,
			);
			defaultConfigurationIsVisible = 0;
			defaultConfigurationName = Release;
		};
		7A9F3C4B2836E15D00DFB169 /* Build configuration list for PBXNativeTarget "2420Final" */ = {
			isa = XCConfigurationList;
			buildConfigurations = (
				7A9F3C4C2836E15D00DFB169 /* Debug */,
				7A9F3C4D2836E15D00DFB169 /* Release */,
			);
			defaultConfigurationIsVisible = 0;
			defaultConfigurationName = Release;
		};
		7A9F3C4E2836E15D00DFB169 /* Build configuration list for PBXNativeTarget "2420FinalTests" */ = {
			isa = XCConfigurationList;
			buildConfigurations = (
				7A9F3C4F2836E15D00DFB169 /* Debug */,
				7A9F3C502836E15D00DFB169 /* Release */,
			);
			defaultConfigurationIsVisible = 0;
			defaultConfigurationName = Release;
		};
		7A9F3C512836E15D00DFB169 /* Build configuration list for PBXNativeTarget "2420FinalUITests" */ = {
			isa = XCConfigurationList;
			buildConfigurations = (
				7A9F3C522836E15D00DFB169 /* Debug */,
				7A9F3C532836E15D00DFB169 /* Release */,
			);
			defaultConfigurationIsVisible = 0;
			defaultConfigurationName = Release;
		};
/* End XCConfigurationList section */
	};
	rootObject = 7A9F3C192836E15C00DFB169 /* Project object */;
}
